// !$*UTF8*$!
{
	archiveVersion = 1;
	classes = {
	};
	objectVersion = 46;
	objects = {

/* Begin PBXBuildFile section */
		9909952914C311E7007390A8 /* DefaultImage.png in Resources */ = {isa = PBXBuildFile; fileRef = 9909951914C311E7007390A8 /* DefaultImage.png */; };
		9909952A14C311E7007390A8 /* DefaultPoiLabel.png in Resources */ = {isa = PBXBuildFile; fileRef = 9909951A14C311E7007390A8 /* DefaultPoiLabel.png */; };
		9909952B14C311E7007390A8 /* DefaultPoiLabel.xib in Resources */ = {isa = PBXBuildFile; fileRef = 9909951B14C311E7007390A8 /* DefaultPoiLabel.xib */; };
		9909952C14C311E7007390A8 /* DefaultPoiLabel@2x.png in Resources */ = {isa = PBXBuildFile; fileRef = 9909951C14C311E7007390A8 /* DefaultPoiLabel@2x.png */; };
		9909952D14C311E7007390A8 /* PoiLabelWithImage.png in Resources */ = {isa = PBXBuildFile; fileRef = 9909951D14C311E7007390A8 /* PoiLabelWithImage.png */; };
		9909952E14C311E7007390A8 /* PoiLabelWithImage.xib in Resources */ = {isa = PBXBuildFile; fileRef = 9909951E14C311E7007390A8 /* PoiLabelWithImage.xib */; };
		9909952F14C311E7007390A8 /* PoiLabelWithImage@2x.png in Resources */ = {isa = PBXBuildFile; fileRef = 9909951F14C311E7007390A8 /* PoiLabelWithImage@2x.png */; };
		9909953014C311E7007390A8 /* RadarDot.png in Resources */ = {isa = PBXBuildFile; fileRef = 9909952014C311E7007390A8 /* RadarDot.png */; };
		9909953114C311E7007390A8 /* RadarDot@2x.png in Resources */ = {isa = PBXBuildFile; fileRef = 9909952114C311E7007390A8 /* RadarDot@2x.png */; };
		9909953214C311E7007390A8 /* RadarScreen.png in Resources */ = {isa = PBXBuildFile; fileRef = 9909952214C311E7007390A8 /* RadarScreen.png */; };
		9909953314C311E7007390A8 /* RadarScreen@2x.png in Resources */ = {isa = PBXBuildFile; fileRef = 9909952314C311E7007390A8 /* RadarScreen@2x.png */; };
		9924CD80160B2B0000205D2E /* Default-568h@2x~iphone.png in Resources */ = {isa = PBXBuildFile; fileRef = 9924CD71160B2B0000205D2E /* Default-568h@2x~iphone.png */; };
		9924CD81160B2B0000205D2E /* Default-Landscape@2x~ipad.png in Resources */ = {isa = PBXBuildFile; fileRef = 9924CD72160B2B0000205D2E /* Default-Landscape@2x~ipad.png */; };
		9924CD82160B2B0000205D2E /* Default-Landscape~ipad.png in Resources */ = {isa = PBXBuildFile; fileRef = 9924CD73160B2B0000205D2E /* Default-Landscape~ipad.png */; };
		9924CD83160B2B0000205D2E /* Default-Portrait@2x~ipad.png in Resources */ = {isa = PBXBuildFile; fileRef = 9924CD74160B2B0000205D2E /* Default-Portrait@2x~ipad.png */; };
		9924CD84160B2B0000205D2E /* Default-Portrait~ipad.png in Resources */ = {isa = PBXBuildFile; fileRef = 9924CD75160B2B0000205D2E /* Default-Portrait~ipad.png */; };
		9924CD85160B2B0000205D2E /* Default@2x~iphone.png in Resources */ = {isa = PBXBuildFile; fileRef = 9924CD76160B2B0000205D2E /* Default@2x~iphone.png */; };
		9924CD86160B2B0000205D2E /* Default~iphone.png in Resources */ = {isa = PBXBuildFile; fileRef = 9924CD77160B2B0000205D2E /* Default~iphone.png */; };
		9924CD87160B2B0000205D2E /* Icon-Small@2x~ipad.png in Resources */ = {isa = PBXBuildFile; fileRef = 9924CD78160B2B0000205D2E /* Icon-Small@2x~ipad.png */; };
		9924CD88160B2B0000205D2E /* Icon-Small@2x~iphone.png in Resources */ = {isa = PBXBuildFile; fileRef = 9924CD79160B2B0000205D2E /* Icon-Small@2x~iphone.png */; };
		9924CD89160B2B0000205D2E /* Icon-Small~ipad.png in Resources */ = {isa = PBXBuildFile; fileRef = 9924CD7A160B2B0000205D2E /* Icon-Small~ipad.png */; };
		9924CD8A160B2B0000205D2E /* Icon-Small~iphone.png in Resources */ = {isa = PBXBuildFile; fileRef = 9924CD7B160B2B0000205D2E /* Icon-Small~iphone.png */; };
		9924CD8B160B2B0000205D2E /* Icon@2x~ipad.png in Resources */ = {isa = PBXBuildFile; fileRef = 9924CD7C160B2B0000205D2E /* Icon@2x~ipad.png */; };
		9924CD8C160B2B0000205D2E /* Icon@2x~iphone.png in Resources */ = {isa = PBXBuildFile; fileRef = 9924CD7D160B2B0000205D2E /* Icon@2x~iphone.png */; };
		9924CD8D160B2B0000205D2E /* Icon~ipad.png in Resources */ = {isa = PBXBuildFile; fileRef = 9924CD7E160B2B0000205D2E /* Icon~ipad.png */; };
		9924CD8E160B2B0000205D2E /* Icon~iphone.png in Resources */ = {isa = PBXBuildFile; fileRef = 9924CD7F160B2B0000205D2E /* Icon~iphone.png */; };
		9926E7C1144FB43C0066D383 /* first.png in Resources */ = {isa = PBXBuildFile; fileRef = 9926E7BD144FB43C0066D383 /* first.png */; };
		9926E7C2144FB43C0066D383 /* first@2x.png in Resources */ = {isa = PBXBuildFile; fileRef = 9926E7BE144FB43C0066D383 /* first@2x.png */; };
		9926E7C3144FB43C0066D383 /* second.png in Resources */ = {isa = PBXBuildFile; fileRef = 9926E7BF144FB43C0066D383 /* second.png */; };
		9926E7C4144FB43C0066D383 /* second@2x.png in Resources */ = {isa = PBXBuildFile; fileRef = 9926E7C0144FB43C0066D383 /* second@2x.png */; };
		9926E7D0144FB4C80066D383 /* AboutViewController_iPad.xib in Resources */ = {isa = PBXBuildFile; fileRef = 9926E7C8144FB4C80066D383 /* AboutViewController_iPad.xib */; };
		9926E7D1144FB4C80066D383 /* AboutViewController_iPhone.xib in Resources */ = {isa = PBXBuildFile; fileRef = 9926E7C9144FB4C80066D383 /* AboutViewController_iPhone.xib */; };
		9926E7D2144FB4C80066D383 /* AboutViewController.m in Sources */ = {isa = PBXBuildFile; fileRef = 9926E7CB144FB4C80066D383 /* AboutViewController.m */; };
		9926E7D3144FB4C80066D383 /* MyARViewController_iPad.xib in Resources */ = {isa = PBXBuildFile; fileRef = 9926E7CC144FB4C80066D383 /* MyARViewController_iPad.xib */; };
		9926E7D4144FB4C80066D383 /* MyARViewController_iPhone.xib in Resources */ = {isa = PBXBuildFile; fileRef = 9926E7CD144FB4C80066D383 /* MyARViewController_iPhone.xib */; };
		9926E7D5144FB4C80066D383 /* MyARViewController.mm in Sources */ = {isa = PBXBuildFile; fileRef = 9926E7CF144FB4C80066D383 /* MyARViewController.mm */; };
		9926E7D7144FB5480066D383 /* AppDelegate.mm in Sources */ = {isa = PBXBuildFile; fileRef = 9926E7D6144FB5480066D383 /* AppDelegate.mm */; };
		9926E7FA144FB6AE0066D383 /* AVFoundation.framework in Frameworks */ = {isa = PBXBuildFile; fileRef = 9926E7F5144FB6AE0066D383 /* AVFoundation.framework */; };
		9926E7FB144FB6AE0066D383 /* CoreLocation.framework in Frameworks */ = {isa = PBXBuildFile; fileRef = 9926E7F6144FB6AE0066D383 /* CoreLocation.framework */; };
		9926E7FC144FB6AE0066D383 /* CoreMotion.framework in Frameworks */ = {isa = PBXBuildFile; fileRef = 9926E7F7144FB6AE0066D383 /* CoreMotion.framework */; };
		9926E7FD144FB6AE0066D383 /* OpenGLES.framework in Frameworks */ = {isa = PBXBuildFile; fileRef = 9926E7F8144FB6AE0066D383 /* OpenGLES.framework */; };
		9926E7FE144FB6AE0066D383 /* QuartzCore.framework in Frameworks */ = {isa = PBXBuildFile; fileRef = 9926E7F9144FB6AE0066D383 /* QuartzCore.framework */; };
		992DE100145080CD001927F0 /* signal0.png in Resources */ = {isa = PBXBuildFile; fileRef = 992DE0F6145080CD001927F0 /* signal0.png */; };
		992DE101145080CD001927F0 /* signal0@2x.png in Resources */ = {isa = PBXBuildFile; fileRef = 992DE0F7145080CD001927F0 /* signal0@2x.png */; };
		992DE102145080CD001927F0 /* signal1.png in Resources */ = {isa = PBXBuildFile; fileRef = 992DE0F8145080CD001927F0 /* signal1.png */; };
		992DE103145080CD001927F0 /* signal1@2x.png in Resources */ = {isa = PBXBuildFile; fileRef = 992DE0F9145080CD001927F0 /* signal1@2x.png */; };
		992DE104145080CD001927F0 /* signal2.png in Resources */ = {isa = PBXBuildFile; fileRef = 992DE0FA145080CD001927F0 /* signal2.png */; };
		992DE105145080CD001927F0 /* signal2@2x.png in Resources */ = {isa = PBXBuildFile; fileRef = 992DE0FB145080CD001927F0 /* signal2@2x.png */; };
		992DE106145080CD001927F0 /* signal3.png in Resources */ = {isa = PBXBuildFile; fileRef = 992DE0FC145080CD001927F0 /* signal3.png */; };
		992DE107145080CD001927F0 /* signal3@2x.png in Resources */ = {isa = PBXBuildFile; fileRef = 992DE0FD145080CD001927F0 /* signal3@2x.png */; };
		992DE108145080CD001927F0 /* signal4.png in Resources */ = {isa = PBXBuildFile; fileRef = 992DE0FE145080CD001927F0 /* signal4.png */; };
		992DE109145080CD001927F0 /* signal4@2x.png in Resources */ = {isa = PBXBuildFile; fileRef = 992DE0FF145080CD001927F0 /* signal4@2x.png */; };
		993A8E36144FB14B00414EB3 /* UIKit.framework in Frameworks */ = {isa = PBXBuildFile; fileRef = 993A8E35144FB14B00414EB3 /* UIKit.framework */; };
		993A8E38144FB14B00414EB3 /* Foundation.framework in Frameworks */ = {isa = PBXBuildFile; fileRef = 993A8E37144FB14B00414EB3 /* Foundation.framework */; };
		993A8E3A144FB14B00414EB3 /* CoreGraphics.framework in Frameworks */ = {isa = PBXBuildFile; fileRef = 993A8E39144FB14B00414EB3 /* CoreGraphics.framework */; };
		993A8E40144FB14B00414EB3 /* InfoPlist.strings in Resources */ = {isa = PBXBuildFile; fileRef = 993A8E3E144FB14B00414EB3 /* InfoPlist.strings */; };
		993A8E42144FB14B00414EB3 /* main.m in Sources */ = {isa = PBXBuildFile; fileRef = 993A8E41144FB14B00414EB3 /* main.m */; };
		994606B71450CD8000DF25AD /* App.strings in Resources */ = {isa = PBXBuildFile; fileRef = 994606B61450CD8000DF25AD /* App.strings */; };
		9955EE6C1498E6070081D085 /* ConfigViewController_iPad.xib in Resources */ = {isa = PBXBuildFile; fileRef = 9955EE681498E6070081D085 /* ConfigViewController_iPad.xib */; };
		9955EE6D1498E6070081D085 /* ConfigViewController_iPhone.xib in Resources */ = {isa = PBXBuildFile; fileRef = 9955EE691498E6070081D085 /* ConfigViewController_iPhone.xib */; };
		9955EE6E1498E6070081D085 /* ConfigViewController.mm in Sources */ = {isa = PBXBuildFile; fileRef = 9955EE6B1498E6070081D085 /* ConfigViewController.mm */; };
		9955EE711498E61F0081D085 /* PanicARKit.framework in Frameworks */ = {isa = PBXBuildFile; fileRef = 9955EE701498E61F0081D085 /* PanicARKit.framework */; };
		9955EE731498E63D0081D085 /* MapKit.framework in Frameworks */ = {isa = PBXBuildFile; fileRef = 9955EE721498E63D0081D085 /* MapKit.framework */; };
		99897907156CF13500479610 /* PanicARKit.strings in Resources */ = {isa = PBXBuildFile; fileRef = 99897906156CF13500479610 /* PanicARKit.strings */; };
/* End PBXBuildFile section */

/* Begin PBXFileReference section */
		9909951914C311E7007390A8 /* DefaultImage.png */ = {isa = PBXFileReference; lastKnownFileType = image.png; path = DefaultImage.png; sourceTree = "<group>"; };
		9909951A14C311E7007390A8 /* DefaultPoiLabel.png */ = {isa = PBXFileReference; lastKnownFileType = image.png; path = DefaultPoiLabel.png; sourceTree = "<group>"; };
		9909951B14C311E7007390A8 /* DefaultPoiLabel.xib */ = {isa = PBXFileReference; fileEncoding = 4; lastKnownFileType = file.xib; path = DefaultPoiLabel.xib; sourceTree = "<group>"; };
		9909951C14C311E7007390A8 /* DefaultPoiLabel@2x.png */ = {isa = PBXFileReference; lastKnownFileType = image.png; path = "DefaultPoiLabel@2x.png"; sourceTree = "<group>"; };
		9909951D14C311E7007390A8 /* PoiLabelWithImage.png */ = {isa = PBXFileReference; lastKnownFileType = image.png; path = PoiLabelWithImage.png; sourceTree = "<group>"; };
		9909951E14C311E7007390A8 /* PoiLabelWithImage.xib */ = {isa = PBXFileReference; fileEncoding = 4; lastKnownFileType = file.xib; path = PoiLabelWithImage.xib; sourceTree = "<group>"; };
		9909951F14C311E7007390A8 /* PoiLabelWithImage@2x.png */ = {isa = PBXFileReference; lastKnownFileType = image.png; path = "PoiLabelWithImage@2x.png"; sourceTree = "<group>"; };
		9909952014C311E7007390A8 /* RadarDot.png */ = {isa = PBXFileReference; lastKnownFileType = image.png; path = RadarDot.png; sourceTree = "<group>"; };
		9909952114C311E7007390A8 /* RadarDot@2x.png */ = {isa = PBXFileReference; lastKnownFileType = image.png; path = "RadarDot@2x.png"; sourceTree = "<group>"; };
		9909952214C311E7007390A8 /* RadarScreen.png */ = {isa = PBXFileReference; lastKnownFileType = image.png; path = RadarScreen.png; sourceTree = "<group>"; };
		9909952314C311E7007390A8 /* RadarScreen@2x.png */ = {isa = PBXFileReference; lastKnownFileType = image.png; path = "RadarScreen@2x.png"; sourceTree = "<group>"; };
		9924CD71160B2B0000205D2E /* Default-568h@2x~iphone.png */ = {isa = PBXFileReference; lastKnownFileType = image.png; name = "Default-568h@2x~iphone.png"; path = "Images/Default-568h@2x~iphone.png"; sourceTree = SOURCE_ROOT; };
		9924CD72160B2B0000205D2E /* Default-Landscape@2x~ipad.png */ = {isa = PBXFileReference; lastKnownFileType = image.png; name = "Default-Landscape@2x~ipad.png"; path = "Images/Default-Landscape@2x~ipad.png"; sourceTree = SOURCE_ROOT; };
		9924CD73160B2B0000205D2E /* Default-Landscape~ipad.png */ = {isa = PBXFileReference; lastKnownFileType = image.png; name = "Default-Landscape~ipad.png"; path = "Images/Default-Landscape~ipad.png"; sourceTree = SOURCE_ROOT; };
		9924CD74160B2B0000205D2E /* Default-Portrait@2x~ipad.png */ = {isa = PBXFileReference; lastKnownFileType = image.png; name = "Default-Portrait@2x~ipad.png"; path = "Images/Default-Portrait@2x~ipad.png"; sourceTree = SOURCE_ROOT; };
		9924CD75160B2B0000205D2E /* Default-Portrait~ipad.png */ = {isa = PBXFileReference; lastKnownFileType = image.png; name = "Default-Portrait~ipad.png"; path = "Images/Default-Portrait~ipad.png"; sourceTree = SOURCE_ROOT; };
		9924CD76160B2B0000205D2E /* Default@2x~iphone.png */ = {isa = PBXFileReference; lastKnownFileType = image.png; name = "Default@2x~iphone.png"; path = "Images/Default@2x~iphone.png"; sourceTree = SOURCE_ROOT; };
		9924CD77160B2B0000205D2E /* Default~iphone.png */ = {isa = PBXFileReference; lastKnownFileType = image.png; name = "Default~iphone.png"; path = "Images/Default~iphone.png"; sourceTree = SOURCE_ROOT; };
		9924CD78160B2B0000205D2E /* Icon-Small@2x~ipad.png */ = {isa = PBXFileReference; lastKnownFileType = image.png; name = "Icon-Small@2x~ipad.png"; path = "Images/Icon-Small@2x~ipad.png"; sourceTree = SOURCE_ROOT; };
		9924CD79160B2B0000205D2E /* Icon-Small@2x~iphone.png */ = {isa = PBXFileReference; lastKnownFileType = image.png; name = "Icon-Small@2x~iphone.png"; path = "Images/Icon-Small@2x~iphone.png"; sourceTree = SOURCE_ROOT; };
		9924CD7A160B2B0000205D2E /* Icon-Small~ipad.png */ = {isa = PBXFileReference; lastKnownFileType = image.png; name = "Icon-Small~ipad.png"; path = "Images/Icon-Small~ipad.png"; sourceTree = SOURCE_ROOT; };
		9924CD7B160B2B0000205D2E /* Icon-Small~iphone.png */ = {isa = PBXFileReference; lastKnownFileType = image.png; name = "Icon-Small~iphone.png"; path = "Images/Icon-Small~iphone.png"; sourceTree = SOURCE_ROOT; };
		9924CD7C160B2B0000205D2E /* Icon@2x~ipad.png */ = {isa = PBXFileReference; lastKnownFileType = image.png; name = "Icon@2x~ipad.png"; path = "Images/Icon@2x~ipad.png"; sourceTree = SOURCE_ROOT; };
		9924CD7D160B2B0000205D2E /* Icon@2x~iphone.png */ = {isa = PBXFileReference; lastKnownFileType = image.png; name = "Icon@2x~iphone.png"; path = "Images/Icon@2x~iphone.png"; sourceTree = SOURCE_ROOT; };
		9924CD7E160B2B0000205D2E /* Icon~ipad.png */ = {isa = PBXFileReference; lastKnownFileType = image.png; name = "Icon~ipad.png"; path = "Images/Icon~ipad.png"; sourceTree = SOURCE_ROOT; };
		9924CD7F160B2B0000205D2E /* Icon~iphone.png */ = {isa = PBXFileReference; lastKnownFileType = image.png; name = "Icon~iphone.png"; path = "Images/Icon~iphone.png"; sourceTree = SOURCE_ROOT; };
		9926E7BD144FB43C0066D383 /* first.png */ = {isa = PBXFileReference; lastKnownFileType = image.png; path = first.png; sourceTree = "<group>"; };
		9926E7BE144FB43C0066D383 /* first@2x.png */ = {isa = PBXFileReference; lastKnownFileType = image.png; path = "first@2x.png"; sourceTree = "<group>"; };
		9926E7BF144FB43C0066D383 /* second.png */ = {isa = PBXFileReference; lastKnownFileType = image.png; path = second.png; sourceTree = "<group>"; };
		9926E7C0144FB43C0066D383 /* second@2x.png */ = {isa = PBXFileReference; lastKnownFileType = image.png; path = "second@2x.png"; sourceTree = "<group>"; };
		9926E7C8144FB4C80066D383 /* AboutViewController_iPad.xib */ = {isa = PBXFileReference; fileEncoding = 4; lastKnownFileType = file.xib; path = AboutViewController_iPad.xib; sourceTree = "<group>"; };
		9926E7C9144FB4C80066D383 /* AboutViewController_iPhone.xib */ = {isa = PBXFileReference; fileEncoding = 4; lastKnownFileType = file.xib; path = AboutViewController_iPhone.xib; sourceTree = "<group>"; };
		9926E7CA144FB4C80066D383 /* AboutViewController.h */ = {isa = PBXFileReference; fileEncoding = 4; lastKnownFileType = sourcecode.c.h; path = AboutViewController.h; sourceTree = "<group>"; };
		9926E7CB144FB4C80066D383 /* AboutViewController.m */ = {isa = PBXFileReference; fileEncoding = 4; lastKnownFileType = sourcecode.c.objc; path = AboutViewController.m; sourceTree = "<group>"; };
		9926E7CC144FB4C80066D383 /* MyARViewController_iPad.xib */ = {isa = PBXFileReference; fileEncoding = 4; lastKnownFileType = file.xib; path = MyARViewController_iPad.xib; sourceTree = "<group>"; };
		9926E7CD144FB4C80066D383 /* MyARViewController_iPhone.xib */ = {isa = PBXFileReference; fileEncoding = 4; lastKnownFileType = file.xib; path = MyARViewController_iPhone.xib; sourceTree = "<group>"; };
		9926E7CE144FB4C80066D383 /* MyARViewController.h */ = {isa = PBXFileReference; fileEncoding = 4; lastKnownFileType = sourcecode.c.h; path = MyARViewController.h; sourceTree = "<group>"; };
		9926E7CF144FB4C80066D383 /* MyARViewController.mm */ = {isa = PBXFileReference; fileEncoding = 4; lastKnownFileType = sourcecode.cpp.objcpp; path = MyARViewController.mm; sourceTree = "<group>"; };
		9926E7D6144FB5480066D383 /* AppDelegate.mm */ = {isa = PBXFileReference; fileEncoding = 4; lastKnownFileType = sourcecode.cpp.objcpp; path = AppDelegate.mm; sourceTree = "<group>"; };
		9926E7F5144FB6AE0066D383 /* AVFoundation.framework */ = {isa = PBXFileReference; lastKnownFileType = wrapper.framework; name = AVFoundation.framework; path = System/Library/Frameworks/AVFoundation.framework; sourceTree = SDKROOT; };
		9926E7F6144FB6AE0066D383 /* CoreLocation.framework */ = {isa = PBXFileReference; lastKnownFileType = wrapper.framework; name = CoreLocation.framework; path = System/Library/Frameworks/CoreLocation.framework; sourceTree = SDKROOT; };
		9926E7F7144FB6AE0066D383 /* CoreMotion.framework */ = {isa = PBXFileReference; lastKnownFileType = wrapper.framework; name = CoreMotion.framework; path = System/Library/Frameworks/CoreMotion.framework; sourceTree = SDKROOT; };
		9926E7F8144FB6AE0066D383 /* OpenGLES.framework */ = {isa = PBXFileReference; lastKnownFileType = wrapper.framework; name = OpenGLES.framework; path = System/Library/Frameworks/OpenGLES.framework; sourceTree = SDKROOT; };
		9926E7F9144FB6AE0066D383 /* QuartzCore.framework */ = {isa = PBXFileReference; lastKnownFileType = wrapper.framework; name = QuartzCore.framework; path = System/Library/Frameworks/QuartzCore.framework; sourceTree = SDKROOT; };
		992DE0F6145080CD001927F0 /* signal0.png */ = {isa = PBXFileReference; lastKnownFileType = image.png; path = signal0.png; sourceTree = "<group>"; };
		992DE0F7145080CD001927F0 /* signal0@2x.png */ = {isa = PBXFileReference; lastKnownFileType = image.png; path = "signal0@2x.png"; sourceTree = "<group>"; };
		992DE0F8145080CD001927F0 /* signal1.png */ = {isa = PBXFileReference; lastKnownFileType = image.png; path = signal1.png; sourceTree = "<group>"; };
		992DE0F9145080CD001927F0 /* signal1@2x.png */ = {isa = PBXFileReference; lastKnownFileType = image.png; path = "signal1@2x.png"; sourceTree = "<group>"; };
		992DE0FA145080CD001927F0 /* signal2.png */ = {isa = PBXFileReference; lastKnownFileType = image.png; path = signal2.png; sourceTree = "<group>"; };
		992DE0FB145080CD001927F0 /* signal2@2x.png */ = {isa = PBXFileReference; lastKnownFileType = image.png; path = "signal2@2x.png"; sourceTree = "<group>"; };
		992DE0FC145080CD001927F0 /* signal3.png */ = {isa = PBXFileReference; lastKnownFileType = image.png; path = signal3.png; sourceTree = "<group>"; };
		992DE0FD145080CD001927F0 /* signal3@2x.png */ = {isa = PBXFileReference; lastKnownFileType = image.png; path = "signal3@2x.png"; sourceTree = "<group>"; };
		992DE0FE145080CD001927F0 /* signal4.png */ = {isa = PBXFileReference; lastKnownFileType = image.png; path = signal4.png; sourceTree = "<group>"; };
		992DE0FF145080CD001927F0 /* signal4@2x.png */ = {isa = PBXFileReference; lastKnownFileType = image.png; path = "signal4@2x.png"; sourceTree = "<group>"; };
		993A8E31144FB14B00414EB3 /* PanicAR-Demo.app */ = {isa = PBXFileReference; explicitFileType = wrapper.application; includeInIndex = 0; path = "PanicAR-Demo.app"; sourceTree = BUILT_PRODUCTS_DIR; };
		993A8E35144FB14B00414EB3 /* UIKit.framework */ = {isa = PBXFileReference; lastKnownFileType = wrapper.framework; name = UIKit.framework; path = System/Library/Frameworks/UIKit.framework; sourceTree = SDKROOT; };
		993A8E37144FB14B00414EB3 /* Foundation.framework */ = {isa = PBXFileReference; lastKnownFileType = wrapper.framework; name = Foundation.framework; path = System/Library/Frameworks/Foundation.framework; sourceTree = SDKROOT; };
		993A8E39144FB14B00414EB3 /* CoreGraphics.framework */ = {isa = PBXFileReference; lastKnownFileType = wrapper.framework; name = CoreGraphics.framework; path = System/Library/Frameworks/CoreGraphics.framework; sourceTree = SDKROOT; };
		993A8E3D144FB14B00414EB3 /* PanicARDemo-Info.plist */ = {isa = PBXFileReference; lastKnownFileType = text.plist.xml; path = "PanicARDemo-Info.plist"; sourceTree = "<group>"; };
		993A8E3F144FB14B00414EB3 /* en */ = {isa = PBXFileReference; lastKnownFileType = text.plist.strings; name = en; path = en.lproj/InfoPlist.strings; sourceTree = "<group>"; };
		993A8E41144FB14B00414EB3 /* main.m */ = {isa = PBXFileReference; lastKnownFileType = sourcecode.c.objc; path = main.m; sourceTree = "<group>"; };
		993A8E43144FB14B00414EB3 /* PanicAR-Demo-Prefix.pch */ = {isa = PBXFileReference; lastKnownFileType = sourcecode.c.h; path = "PanicAR-Demo-Prefix.pch"; sourceTree = "<group>"; };
		993A8E44144FB14B00414EB3 /* AppDelegate.h */ = {isa = PBXFileReference; lastKnownFileType = sourcecode.c.h; path = AppDelegate.h; sourceTree = "<group>"; };
		994606B61450CD8000DF25AD /* App.strings */ = {isa = PBXFileReference; fileEncoding = 4; lastKnownFileType = text.plist.strings; path = App.strings; sourceTree = "<group>"; };
		9955EE681498E6070081D085 /* ConfigViewController_iPad.xib */ = {isa = PBXFileReference; fileEncoding = 4; lastKnownFileType = file.xib; path = ConfigViewController_iPad.xib; sourceTree = "<group>"; };
		9955EE691498E6070081D085 /* ConfigViewController_iPhone.xib */ = {isa = PBXFileReference; fileEncoding = 4; lastKnownFileType = file.xib; path = ConfigViewController_iPhone.xib; sourceTree = "<group>"; };
		9955EE6A1498E6070081D085 /* ConfigViewController.h */ = {isa = PBXFileReference; fileEncoding = 4; lastKnownFileType = sourcecode.c.h; path = ConfigViewController.h; sourceTree = "<group>"; };
		9955EE6B1498E6070081D085 /* ConfigViewController.mm */ = {isa = PBXFileReference; fileEncoding = 4; lastKnownFileType = sourcecode.cpp.objcpp; path = ConfigViewController.mm; sourceTree = "<group>"; };
		9955EE701498E61F0081D085 /* PanicARKit.framework */ = {isa = PBXFileReference; lastKnownFileType = wrapper.framework; name = PanicARKit.framework; path = "../Framework-Debug/PanicARKit.framework"; sourceTree = "<group>"; };
		9955EE721498E63D0081D085 /* MapKit.framework */ = {isa = PBXFileReference; lastKnownFileType = wrapper.framework; name = MapKit.framework; path = System/Library/Frameworks/MapKit.framework; sourceTree = SDKROOT; };
		99897906156CF13500479610 /* PanicARKit.strings */ = {isa = PBXFileReference; fileEncoding = 4; lastKnownFileType = text.plist.strings; path = PanicARKit.strings; sourceTree = "<group>"; };
/* End PBXFileReference section */

/* Begin PBXFrameworksBuildPhase section */
		993A8E2E144FB14B00414EB3 /* Frameworks */ = {
			isa = PBXFrameworksBuildPhase;
			buildActionMask = 2147483647;
			files = (
				9955EE731498E63D0081D085 /* MapKit.framework in Frameworks */,
				9926E7FA144FB6AE0066D383 /* AVFoundation.framework in Frameworks */,
				9926E7FB144FB6AE0066D383 /* CoreLocation.framework in Frameworks */,
				9926E7FC144FB6AE0066D383 /* CoreMotion.framework in Frameworks */,
				9926E7FD144FB6AE0066D383 /* OpenGLES.framework in Frameworks */,
				9926E7FE144FB6AE0066D383 /* QuartzCore.framework in Frameworks */,
				993A8E3A144FB14B00414EB3 /* CoreGraphics.framework in Frameworks */,
				993A8E36144FB14B00414EB3 /* UIKit.framework in Frameworks */,
				993A8E38144FB14B00414EB3 /* Foundation.framework in Frameworks */,
				9955EE711498E61F0081D085 /* PanicARKit.framework in Frameworks */,
			);
			runOnlyForDeploymentPostprocessing = 0;
		};
/* End PBXFrameworksBuildPhase section */

/* Begin PBXGroup section */
		9909951814C311E7007390A8 /* ARAssets */ = {
			isa = PBXGroup;
			children = (
				99897906156CF13500479610 /* PanicARKit.strings */,
				9909951914C311E7007390A8 /* DefaultImage.png */,
				9909951A14C311E7007390A8 /* DefaultPoiLabel.png */,
				9909951B14C311E7007390A8 /* DefaultPoiLabel.xib */,
				9909951C14C311E7007390A8 /* DefaultPoiLabel@2x.png */,
				9909951D14C311E7007390A8 /* PoiLabelWithImage.png */,
				9909951E14C311E7007390A8 /* PoiLabelWithImage.xib */,
				9909951F14C311E7007390A8 /* PoiLabelWithImage@2x.png */,
				9909952014C311E7007390A8 /* RadarDot.png */,
				9909952114C311E7007390A8 /* RadarDot@2x.png */,
				9909952214C311E7007390A8 /* RadarScreen.png */,
				9909952314C311E7007390A8 /* RadarScreen@2x.png */,
			);
			name = ARAssets;
			path = ../Assets;
			sourceTree = "<group>";
		};
		9926E7C5144FB4420066D383 /* Images */ = {
			isa = PBXGroup;
			children = (
				9924CD71160B2B0000205D2E /* Default-568h@2x~iphone.png */,
				9924CD72160B2B0000205D2E /* Default-Landscape@2x~ipad.png */,
				9924CD73160B2B0000205D2E /* Default-Landscape~ipad.png */,
				9924CD74160B2B0000205D2E /* Default-Portrait@2x~ipad.png */,
				9924CD75160B2B0000205D2E /* Default-Portrait~ipad.png */,
				9924CD76160B2B0000205D2E /* Default@2x~iphone.png */,
				9924CD77160B2B0000205D2E /* Default~iphone.png */,
				9924CD78160B2B0000205D2E /* Icon-Small@2x~ipad.png */,
				9924CD79160B2B0000205D2E /* Icon-Small@2x~iphone.png */,
				9924CD7A160B2B0000205D2E /* Icon-Small~ipad.png */,
				9924CD7B160B2B0000205D2E /* Icon-Small~iphone.png */,
				9924CD7C160B2B0000205D2E /* Icon@2x~ipad.png */,
				9924CD7D160B2B0000205D2E /* Icon@2x~iphone.png */,
				9924CD7E160B2B0000205D2E /* Icon~ipad.png */,
				9924CD7F160B2B0000205D2E /* Icon~iphone.png */,
				992DE0F6145080CD001927F0 /* signal0.png */,
				992DE0F7145080CD001927F0 /* signal0@2x.png */,
				992DE0F8145080CD001927F0 /* signal1.png */,
				992DE0F9145080CD001927F0 /* signal1@2x.png */,
				992DE0FA145080CD001927F0 /* signal2.png */,
				992DE0FB145080CD001927F0 /* signal2@2x.png */,
				992DE0FC145080CD001927F0 /* signal3.png */,
				992DE0FD145080CD001927F0 /* signal3@2x.png */,
				992DE0FE145080CD001927F0 /* signal4.png */,
				992DE0FF145080CD001927F0 /* signal4@2x.png */,
				9926E7BD144FB43C0066D383 /* first.png */,
				9926E7BE144FB43C0066D383 /* first@2x.png */,
				9926E7BF144FB43C0066D383 /* second.png */,
				9926E7C0144FB43C0066D383 /* second@2x.png */,
			);
			name = Images;
			path = PanicARDemo;
			sourceTree = "<group>";
		};
		9926E7C7144FB48A0066D383 /* ViewController */ = {
			isa = PBXGroup;
			children = (
				9926E7C8144FB4C80066D383 /* AboutViewController_iPad.xib */,
				9926E7C9144FB4C80066D383 /* AboutViewController_iPhone.xib */,
				9926E7CA144FB4C80066D383 /* AboutViewController.h */,
				9926E7CB144FB4C80066D383 /* AboutViewController.m */,
				9926E7CC144FB4C80066D383 /* MyARViewController_iPad.xib */,
				9926E7CD144FB4C80066D383 /* MyARViewController_iPhone.xib */,
				9926E7CE144FB4C80066D383 /* MyARViewController.h */,
				9926E7CF144FB4C80066D383 /* MyARViewController.mm */,
				9955EE681498E6070081D085 /* ConfigViewController_iPad.xib */,
				9955EE691498E6070081D085 /* ConfigViewController_iPhone.xib */,
				9955EE6A1498E6070081D085 /* ConfigViewController.h */,
				9955EE6B1498E6070081D085 /* ConfigViewController.mm */,
			);
			name = ViewController;
			path = PanicARDemo;
			sourceTree = "<group>";
		};
		993A8E26144FB14800414EB3 = {
			isa = PBXGroup;
			children = (
				9909951814C311E7007390A8 /* ARAssets */,
				9955EED71498F60D0081D085 /* Classes */,
				9926E7C7144FB48A0066D383 /* ViewController */,
				993A8E3C144FB14B00414EB3 /* Supporting Files */,
				9926E7C5144FB4420066D383 /* Images */,
				993A8E34144FB14B00414EB3 /* Frameworks */,
				993A8E32144FB14B00414EB3 /* Products */,
			);
			sourceTree = "<group>";
		};
		993A8E32144FB14B00414EB3 /* Products */ = {
			isa = PBXGroup;
			children = (
				993A8E31144FB14B00414EB3 /* PanicAR-Demo.app */,
			);
			name = Products;
			sourceTree = "<group>";
		};
		993A8E34144FB14B00414EB3 /* Frameworks */ = {
			isa = PBXGroup;
			children = (
				9955EE721498E63D0081D085 /* MapKit.framework */,
				9955EE701498E61F0081D085 /* PanicARKit.framework */,
				9926E7F5144FB6AE0066D383 /* AVFoundation.framework */,
				9926E7F6144FB6AE0066D383 /* CoreLocation.framework */,
				9926E7F7144FB6AE0066D383 /* CoreMotion.framework */,
				9926E7F8144FB6AE0066D383 /* OpenGLES.framework */,
				9926E7F9144FB6AE0066D383 /* QuartzCore.framework */,
				993A8E35144FB14B00414EB3 /* UIKit.framework */,
				993A8E37144FB14B00414EB3 /* Foundation.framework */,
				993A8E39144FB14B00414EB3 /* CoreGraphics.framework */,
			);
			name = Frameworks;
			sourceTree = "<group>";
		};
		993A8E3C144FB14B00414EB3 /* Supporting Files */ = {
			isa = PBXGroup;
			children = (
				994606B61450CD8000DF25AD /* App.strings */,
				993A8E3D144FB14B00414EB3 /* PanicARDemo-Info.plist */,
				993A8E3E144FB14B00414EB3 /* InfoPlist.strings */,
				993A8E41144FB14B00414EB3 /* main.m */,
				993A8E43144FB14B00414EB3 /* PanicAR-Demo-Prefix.pch */,
			);
			name = "Supporting Files";
			path = PanicARDemo;
			sourceTree = "<group>";
		};
		9955EED71498F60D0081D085 /* Classes */ = {
			isa = PBXGroup;
			children = (
				993A8E44144FB14B00414EB3 /* AppDelegate.h */,
				9926E7D6144FB5480066D383 /* AppDelegate.mm */,
			);
			name = Classes;
			path = PanicARDemo;
			sourceTree = "<group>";
		};
/* End PBXGroup section */

/* Begin PBXNativeTarget section */
		993A8E30144FB14B00414EB3 /* PanicAR-Demo */ = {
			isa = PBXNativeTarget;
			buildConfigurationList = 993A8E63144FB14C00414EB3 /* Build configuration list for PBXNativeTarget "PanicAR-Demo" */;
			buildPhases = (
				993A8E2D144FB14B00414EB3 /* Sources */,
				993A8E2E144FB14B00414EB3 /* Frameworks */,
				993A8E2F144FB14B00414EB3 /* Resources */,
			);
			buildRules = (
			);
			dependencies = (
			);
			name = "PanicAR-Demo";
			productName = PanicARDemo;
			productReference = 993A8E31144FB14B00414EB3 /* PanicAR-Demo.app */;
			productType = "com.apple.product-type.application";
		};
/* End PBXNativeTarget section */

/* Begin PBXProject section */
		993A8E28144FB14800414EB3 /* Project object */ = {
			isa = PBXProject;
			attributes = {
				LastUpgradeCheck = 0430;
				ORGANIZATIONNAME = doPanic;
			};
			buildConfigurationList = 993A8E2B144FB14800414EB3 /* Build configuration list for PBXProject "PanicAR-Demo" */;
			compatibilityVersion = "Xcode 3.2";
			developmentRegion = English;
			hasScannedForEncodings = 0;
			knownRegions = (
				en,
			);
			mainGroup = 993A8E26144FB14800414EB3;
			productRefGroup = 993A8E32144FB14B00414EB3 /* Products */;
			projectDirPath = "";
			projectRoot = "";
			targets = (
				993A8E30144FB14B00414EB3 /* PanicAR-Demo */,
			);
		};
/* End PBXProject section */

/* Begin PBXResourcesBuildPhase section */
		993A8E2F144FB14B00414EB3 /* Resources */ = {
			isa = PBXResourcesBuildPhase;
			buildActionMask = 2147483647;
			files = (
				993A8E40144FB14B00414EB3 /* InfoPlist.strings in Resources */,
				9926E7C1144FB43C0066D383 /* first.png in Resources */,
				9926E7C2144FB43C0066D383 /* first@2x.png in Resources */,
				9926E7C3144FB43C0066D383 /* second.png in Resources */,
				9926E7C4144FB43C0066D383 /* second@2x.png in Resources */,
				9926E7D0144FB4C80066D383 /* AboutViewController_iPad.xib in Resources */,
				9926E7D1144FB4C80066D383 /* AboutViewController_iPhone.xib in Resources */,
				9926E7D3144FB4C80066D383 /* MyARViewController_iPad.xib in Resources */,
				9926E7D4144FB4C80066D383 /* MyARViewController_iPhone.xib in Resources */,
				992DE100145080CD001927F0 /* signal0.png in Resources */,
				992DE101145080CD001927F0 /* signal0@2x.png in Resources */,
				992DE102145080CD001927F0 /* signal1.png in Resources */,
				992DE103145080CD001927F0 /* signal1@2x.png in Resources */,
				992DE104145080CD001927F0 /* signal2.png in Resources */,
				992DE105145080CD001927F0 /* signal2@2x.png in Resources */,
				992DE106145080CD001927F0 /* signal3.png in Resources */,
				992DE107145080CD001927F0 /* signal3@2x.png in Resources */,
				992DE108145080CD001927F0 /* signal4.png in Resources */,
				992DE109145080CD001927F0 /* signal4@2x.png in Resources */,
				994606B71450CD8000DF25AD /* App.strings in Resources */,
				9955EE6C1498E6070081D085 /* ConfigViewController_iPad.xib in Resources */,
				9955EE6D1498E6070081D085 /* ConfigViewController_iPhone.xib in Resources */,
				9909952914C311E7007390A8 /* DefaultImage.png in Resources */,
				9909952A14C311E7007390A8 /* DefaultPoiLabel.png in Resources */,
				9909952B14C311E7007390A8 /* DefaultPoiLabel.xib in Resources */,
				9909952C14C311E7007390A8 /* DefaultPoiLabel@2x.png in Resources */,
				9909952D14C311E7007390A8 /* PoiLabelWithImage.png in Resources */,
				9909952E14C311E7007390A8 /* PoiLabelWithImage.xib in Resources */,
				9909952F14C311E7007390A8 /* PoiLabelWithImage@2x.png in Resources */,
				9909953014C311E7007390A8 /* RadarDot.png in Resources */,
				9909953114C311E7007390A8 /* RadarDot@2x.png in Resources */,
				9909953214C311E7007390A8 /* RadarScreen.png in Resources */,
				9909953314C311E7007390A8 /* RadarScreen@2x.png in Resources */,
				99897907156CF13500479610 /* PanicARKit.strings in Resources */,
				9924CD80160B2B0000205D2E /* Default-568h@2x~iphone.png in Resources */,
				9924CD81160B2B0000205D2E /* Default-Landscape@2x~ipad.png in Resources */,
				9924CD82160B2B0000205D2E /* Default-Landscape~ipad.png in Resources */,
				9924CD83160B2B0000205D2E /* Default-Portrait@2x~ipad.png in Resources */,
				9924CD84160B2B0000205D2E /* Default-Portrait~ipad.png in Resources */,
				9924CD85160B2B0000205D2E /* Default@2x~iphone.png in Resources */,
				9924CD86160B2B0000205D2E /* Default~iphone.png in Resources */,
				9924CD87160B2B0000205D2E /* Icon-Small@2x~ipad.png in Resources */,
				9924CD88160B2B0000205D2E /* Icon-Small@2x~iphone.png in Resources */,
				9924CD89160B2B0000205D2E /* Icon-Small~ipad.png in Resources */,
				9924CD8A160B2B0000205D2E /* Icon-Small~iphone.png in Resources */,
				9924CD8B160B2B0000205D2E /* Icon@2x~ipad.png in Resources */,
				9924CD8C160B2B0000205D2E /* Icon@2x~iphone.png in Resources */,
				9924CD8D160B2B0000205D2E /* Icon~ipad.png in Resources */,
				9924CD8E160B2B0000205D2E /* Icon~iphone.png in Resources */,
			);
			runOnlyForDeploymentPostprocessing = 0;
		};
/* End PBXResourcesBuildPhase section */

/* Begin PBXSourcesBuildPhase section */
		993A8E2D144FB14B00414EB3 /* Sources */ = {
			isa = PBXSourcesBuildPhase;
			buildActionMask = 2147483647;
			files = (
				993A8E42144FB14B00414EB3 /* main.m in Sources */,
				9926E7D2144FB4C80066D383 /* AboutViewController.m in Sources */,
				9926E7D5144FB4C80066D383 /* MyARViewController.mm in Sources */,
				9926E7D7144FB5480066D383 /* AppDelegate.mm in Sources */,
				9955EE6E1498E6070081D085 /* ConfigViewController.mm in Sources */,
			);
			runOnlyForDeploymentPostprocessing = 0;
		};
/* End PBXSourcesBuildPhase section */

/* Begin PBXVariantGroup section */
		993A8E3E144FB14B00414EB3 /* InfoPlist.strings */ = {
			isa = PBXVariantGroup;
			children = (
				993A8E3F144FB14B00414EB3 /* en */,
			);
			name = InfoPlist.strings;
			sourceTree = "<group>";
		};
/* End PBXVariantGroup section */

/* Begin XCBuildConfiguration section */
		993A8E61144FB14C00414EB3 /* Debug */ = {
			isa = XCBuildConfiguration;
			buildSettings = {
				ALWAYS_SEARCH_USER_PATHS = YES;
				ARCHS = "$(ARCHS_STANDARD_32_BIT)";
				CODE_SIGN_IDENTITY = "iPhone Developer";
				"CODE_SIGN_IDENTITY[sdk=iphoneos*]" = "iPhone Developer";
				COPY_PHASE_STRIP = NO;
				GCC_C_LANGUAGE_STANDARD = gnu99;
				GCC_DYNAMIC_NO_PIC = NO;
				GCC_OPTIMIZATION_LEVEL = 0;
				GCC_PREPROCESSOR_DEFINITIONS = (
					DEBUG,
					"DEBUG_LEVEL=DEBUG_LEVEL_VERBOSE",
					PANICAR_FULL,
				);
				GCC_SYMBOLS_PRIVATE_EXTERN = NO;
				GCC_VERSION = com.apple.compilers.llvm.clang.1_0;
				GCC_WARN_ABOUT_MISSING_PROTOTYPES = YES;
				GCC_WARN_ABOUT_RETURN_TYPE = YES;
				GCC_WARN_UNUSED_VARIABLE = YES;
				IPHONEOS_DEPLOYMENT_TARGET = 5.0;
				OTHER_LDFLAGS = "-ObjC";
				PROVISIONING_PROFILE = "";
				SDKROOT = iphoneos;
				TARGETED_DEVICE_FAMILY = "1,2";
			};
			name = Debug;
		};
		993A8E62144FB14C00414EB3 /* Release */ = {
			isa = XCBuildConfiguration;
			buildSettings = {
				ALWAYS_SEARCH_USER_PATHS = YES;
				ARCHS = "$(ARCHS_STANDARD_32_BIT)";
				CODE_SIGN_IDENTITY = "iPhone Developer";
				"CODE_SIGN_IDENTITY[sdk=iphoneos*]" = "iPhone Developer";
				COPY_PHASE_STRIP = YES;
				GCC_C_LANGUAGE_STANDARD = gnu99;
				GCC_PREPROCESSOR_DEFINITIONS = (
					"DEBUG_LEVEL=DEBUG_LEVEL_WARN",
					PANICAR_FULL,
				);
				GCC_VERSION = com.apple.compilers.llvm.clang.1_0;
				GCC_WARN_ABOUT_MISSING_PROTOTYPES = YES;
				GCC_WARN_ABOUT_RETURN_TYPE = YES;
				GCC_WARN_UNUSED_VARIABLE = YES;
				IPHONEOS_DEPLOYMENT_TARGET = 5.0;
				OTHER_CFLAGS = "-DNS_BLOCK_ASSERTIONS=1";
				OTHER_LDFLAGS = "-ObjC";
				PROVISIONING_PROFILE = "";
				SDKROOT = iphoneos;
				TARGETED_DEVICE_FAMILY = "1,2";
				VALIDATE_PRODUCT = YES;
			};
			name = Release;
		};
		993A8E64144FB14C00414EB3 /* Debug */ = {
			isa = XCBuildConfiguration;
			buildSettings = {
				FRAMEWORK_SEARCH_PATHS = "../Framework-Debug/**";
				GCC_PRECOMPILE_PREFIX_HEADER = YES;
				GCC_PREFIX_HEADER = "PanicARDemo/PanicAR-Demo-Prefix.pch";
				INFOPLIST_FILE = "PanicARDemo/PanicARDemo-Info.plist";
				IPHONEOS_DEPLOYMENT_TARGET = 4.2;
				PRODUCT_NAME = "PanicAR-Demo";
				WRAPPER_EXTENSION = app;
			};
			name = Debug;
		};
		993A8E65144FB14C00414EB3 /* Release */ = {
			isa = XCBuildConfiguration;
			buildSettings = {
				FRAMEWORK_SEARCH_PATHS = "../Framework-Release/**";
				GCC_PRECOMPILE_PREFIX_HEADER = YES;
				GCC_PREFIX_HEADER = "PanicARDemo/PanicAR-Demo-Prefix.pch";
				INFOPLIST_FILE = "PanicARDemo/PanicARDemo-Info.plist";
				IPHONEOS_DEPLOYMENT_TARGET = 4.2;
				PRODUCT_NAME = "PanicAR-Demo";
				WRAPPER_EXTENSION = app;
			};
			name = Release;
		};
/* End XCBuildConfiguration section */

/* Begin XCConfigurationList section */
		993A8E2B144FB14800414EB3 /* Build configuration list for PBXProject "PanicAR-Demo" */ = {
			isa = XCConfigurationList;
			buildConfigurations = (
				993A8E61144FB14C00414EB3 /* Debug */,
				993A8E62144FB14C00414EB3 /* Release */,
			);
			defaultConfigurationIsVisible = 0;
			defaultConfigurationName = Release;
		};
		993A8E63144FB14C00414EB3 /* Build configuration list for PBXNativeTarget "PanicAR-Demo" */ = {
			isa = XCConfigurationList;
			buildConfigurations = (
				993A8E64144FB14C00414EB3 /* Debug */,
				993A8E65144FB14C00414EB3 /* Release */,
			);
			defaultConfigurationIsVisible = 0;
			defaultConfigurationName = Release;
		};
/* End XCConfigurationList section */
	};
	rootObject = 993A8E28144FB14800414EB3 /* Project object */;
}
