// !$*UTF8*$!
{
	archiveVersion = 1;
	classes = {
	};
	objectVersion = 45;
	objects = {

/* Begin PBXBuildFile section */
		9908EBD0132FB697004217E3 /* DefaultImage.png in Resources */ = {isa = PBXBuildFile; fileRef = 9908EBC6132FB697004217E3 /* DefaultImage.png */; };
		9908EBD1132FB697004217E3 /* DefaultMarker.png in Resources */ = {isa = PBXBuildFile; fileRef = 9908EBC7132FB697004217E3 /* DefaultMarker.png */; };
		9908EBD2132FB697004217E3 /* DefaultMarker.xib in Resources */ = {isa = PBXBuildFile; fileRef = 9908EBC8132FB697004217E3 /* DefaultMarker.xib */; };
		9908EBD3132FB697004217E3 /* DefaultMarker_2x.png in Resources */ = {isa = PBXBuildFile; fileRef = 9908EBC9132FB697004217E3 /* DefaultMarker_2x.png */; };
		9908EBD4132FB697004217E3 /* DefaultMarker_2x.xib in Resources */ = {isa = PBXBuildFile; fileRef = 9908EBCA132FB697004217E3 /* DefaultMarker_2x.xib */; };
		9908EBD5132FB697004217E3 /* DefaultMarker_mask.png in Resources */ = {isa = PBXBuildFile; fileRef = 9908EBCB132FB697004217E3 /* DefaultMarker_mask.png */; };
		9908EBD6132FB697004217E3 /* msh_box.obj in Resources */ = {isa = PBXBuildFile; fileRef = 9908EBCC132FB697004217E3 /* msh_box.obj */; };
		9908EBD7132FB697004217E3 /* msh_plane.obj in Resources */ = {isa = PBXBuildFile; fileRef = 9908EBCD132FB697004217E3 /* msh_plane.obj */; };
		9908EBD8132FB697004217E3 /* RadarScreen.png in Resources */ = {isa = PBXBuildFile; fileRef = 9908EBCE132FB697004217E3 /* RadarScreen.png */; };
		9908EBD9132FB697004217E3 /* RadarScreen_Dot.png in Resources */ = {isa = PBXBuildFile; fileRef = 9908EBCF132FB697004217E3 /* RadarScreen_Dot.png */; };
		99888E43133950E60043F5D6 /* Localizable.strings in Resources */ = {isa = PBXBuildFile; fileRef = 99888E41133950E60043F5D6 /* Localizable.strings */; };
		99A1BCD1132EBA9700C915F4 /* MobileCoreServices.framework in Frameworks */ = {isa = PBXBuildFile; fileRef = 99CB255B1221C42D00776548 /* MobileCoreServices.framework */; };
		99A1BCD2132EBA9700C915F4 /* QuartzCore.framework in Frameworks */ = {isa = PBXBuildFile; fileRef = 59E637A2104F5A4400B26E5C /* QuartzCore.framework */; };
		99A1BCD3132EBA9700C915F4 /* OpenGLES.framework in Frameworks */ = {isa = PBXBuildFile; fileRef = 59E6379D104F5A3200B26E5C /* OpenGLES.framework */; };
		99A1BCD4132EBA9700C915F4 /* CoreLocation.framework in Frameworks */ = {isa = PBXBuildFile; fileRef = 99B7BAE8121ADC2E00E497BB /* CoreLocation.framework */; };
		99A1BCD5132EBAA200C915F4 /* PanicARDemoAppDelegate.mm in Sources */ = {isa = PBXBuildFile; fileRef = 993AE5351230E77C001134AF /* PanicARDemoAppDelegate.mm */; };
		99A1BCD6132EBB4E00C915F4 /* 164-glasses-2.png in Resources */ = {isa = PBXBuildFile; fileRef = 9990B18612B14985006AA069 /* 164-glasses-2.png */; };
		99A1BCD7132EBB4F00C915F4 /* 164-glasses-2@2x.png in Resources */ = {isa = PBXBuildFile; fileRef = 9990B18712B14985006AA069 /* 164-glasses-2@2x.png */; };
		99A1BCD8132EBB5100C915F4 /* 59-info.png in Resources */ = {isa = PBXBuildFile; fileRef = 99D952C9132EB53F007365FB /* 59-info.png */; };
		99A1BCD9132EBB5200C915F4 /* 59-info@2x.png in Resources */ = {isa = PBXBuildFile; fileRef = 99D952CA132EB53F007365FB /* 59-info@2x.png */; };
		99A1BCDB132EBB5C00C915F4 /* MainWindow.xib in Resources */ = {isa = PBXBuildFile; fileRef = 99F3D6A312536D93004C3D14 /* MainWindow.xib */; };
		99A1BCF2132EBB7200C915F4 /* ARController.xib in Resources */ = {isa = PBXBuildFile; fileRef = 99A1BCF1132EBB7200C915F4 /* ARController.xib */; };
		99A1BCF3132EBBC400C915F4 /* main.m in Sources */ = {isa = PBXBuildFile; fileRef = 29B97316FDCFA39411CA2CEA /* main.m */; };
		99B37E77132EB75000A0FA99 /* UIKit.framework in Frameworks */ = {isa = PBXBuildFile; fileRef = 1DF5F4DF0D08C38300B7A737 /* UIKit.framework */; };
		99B37E78132EB75000A0FA99 /* Foundation.framework in Frameworks */ = {isa = PBXBuildFile; fileRef = 1D30AB110D05D00D00671497 /* Foundation.framework */; };
		99B37E79132EB75000A0FA99 /* CoreGraphics.framework in Frameworks */ = {isa = PBXBuildFile; fileRef = 5995EBC010556E7500615176 /* CoreGraphics.framework */; };
		99B37E8C132EB7D800A0FA99 /* Icon@2x.png in Resources */ = {isa = PBXBuildFile; fileRef = 992A2B12132EB2C700C1D5C1 /* Icon@2x.png */; };
		99B37E8D132EB7DA00A0FA99 /* Default.png in Resources */ = {isa = PBXBuildFile; fileRef = 992A2B0F132EB2C700C1D5C1 /* Default.png */; };
		99B37E8E132EB7DC00A0FA99 /* Default@2x.png in Resources */ = {isa = PBXBuildFile; fileRef = 992A2B10132EB2C700C1D5C1 /* Default@2x.png */; };
		99B37E8F132EB7DE00A0FA99 /* Icon.png in Resources */ = {isa = PBXBuildFile; fileRef = 992A2B11132EB2C700C1D5C1 /* Icon.png */; };
		99BD015E1338A5740005986E /* PanicARLib.framework in Frameworks */ = {isa = PBXBuildFile; fileRef = 99BD015D1338A5740005986E /* PanicARLib.framework */; };
/* End PBXBuildFile section */

/* Begin PBXFileReference section */
		1D30AB110D05D00D00671497 /* Foundation.framework */ = {isa = PBXFileReference; lastKnownFileType = wrapper.framework; name = Foundation.framework; path = System/Library/Frameworks/Foundation.framework; sourceTree = SDKROOT; };
		1DF5F4DF0D08C38300B7A737 /* UIKit.framework */ = {isa = PBXFileReference; lastKnownFileType = wrapper.framework; name = UIKit.framework; path = System/Library/Frameworks/UIKit.framework; sourceTree = SDKROOT; };
		29B97316FDCFA39411CA2CEA /* main.m */ = {isa = PBXFileReference; fileEncoding = 4; lastKnownFileType = sourcecode.c.objc; path = main.m; sourceTree = "<group>"; };
		5995EBC010556E7500615176 /* CoreGraphics.framework */ = {isa = PBXFileReference; lastKnownFileType = wrapper.framework; name = CoreGraphics.framework; path = System/Library/Frameworks/CoreGraphics.framework; sourceTree = SDKROOT; };
		59E6379D104F5A3200B26E5C /* OpenGLES.framework */ = {isa = PBXFileReference; lastKnownFileType = wrapper.framework; name = OpenGLES.framework; path = System/Library/Frameworks/OpenGLES.framework; sourceTree = SDKROOT; };
		59E637A2104F5A4400B26E5C /* QuartzCore.framework */ = {isa = PBXFileReference; lastKnownFileType = wrapper.framework; name = QuartzCore.framework; path = System/Library/Frameworks/QuartzCore.framework; sourceTree = SDKROOT; };
		9908EBC6132FB697004217E3 /* DefaultImage.png */ = {isa = PBXFileReference; lastKnownFileType = image.png; path = DefaultImage.png; sourceTree = "<group>"; };
		9908EBC7132FB697004217E3 /* DefaultMarker.png */ = {isa = PBXFileReference; lastKnownFileType = image.png; path = DefaultMarker.png; sourceTree = "<group>"; };
		9908EBC8132FB697004217E3 /* DefaultMarker.xib */ = {isa = PBXFileReference; fileEncoding = 4; lastKnownFileType = file.xib; path = DefaultMarker.xib; sourceTree = "<group>"; };
		9908EBC9132FB697004217E3 /* DefaultMarker_2x.png */ = {isa = PBXFileReference; lastKnownFileType = image.png; path = DefaultMarker_2x.png; sourceTree = "<group>"; };
		9908EBCA132FB697004217E3 /* DefaultMarker_2x.xib */ = {isa = PBXFileReference; fileEncoding = 4; lastKnownFileType = file.xib; path = DefaultMarker_2x.xib; sourceTree = "<group>"; };
		9908EBCB132FB697004217E3 /* DefaultMarker_mask.png */ = {isa = PBXFileReference; lastKnownFileType = image.png; path = DefaultMarker_mask.png; sourceTree = "<group>"; };
		9908EBCC132FB697004217E3 /* msh_box.obj */ = {isa = PBXFileReference; fileEncoding = 4; lastKnownFileType = text; path = msh_box.obj; sourceTree = "<group>"; };
		9908EBCD132FB697004217E3 /* msh_plane.obj */ = {isa = PBXFileReference; fileEncoding = 4; lastKnownFileType = text; path = msh_plane.obj; sourceTree = "<group>"; };
		9908EBCE132FB697004217E3 /* RadarScreen.png */ = {isa = PBXFileReference; lastKnownFileType = image.png; path = RadarScreen.png; sourceTree = "<group>"; };
		9908EBCF132FB697004217E3 /* RadarScreen_Dot.png */ = {isa = PBXFileReference; lastKnownFileType = image.png; path = RadarScreen_Dot.png; sourceTree = "<group>"; };
		992A2B0F132EB2C700C1D5C1 /* Default.png */ = {isa = PBXFileReference; lastKnownFileType = image.png; path = Default.png; sourceTree = "<group>"; };
		992A2B10132EB2C700C1D5C1 /* Default@2x.png */ = {isa = PBXFileReference; lastKnownFileType = image.png; path = "Default@2x.png"; sourceTree = "<group>"; };
		992A2B11132EB2C700C1D5C1 /* Icon.png */ = {isa = PBXFileReference; lastKnownFileType = image.png; path = Icon.png; sourceTree = "<group>"; };
		992A2B12132EB2C700C1D5C1 /* Icon@2x.png */ = {isa = PBXFileReference; lastKnownFileType = image.png; path = "Icon@2x.png"; sourceTree = "<group>"; };
		993AE5341230E77C001134AF /* PanicARDemoAppDelegate.h */ = {isa = PBXFileReference; fileEncoding = 4; lastKnownFileType = sourcecode.c.h; path = PanicARDemoAppDelegate.h; sourceTree = "<group>"; };
		993AE5351230E77C001134AF /* PanicARDemoAppDelegate.mm */ = {isa = PBXFileReference; fileEncoding = 4; lastKnownFileType = sourcecode.cpp.objcpp; path = PanicARDemoAppDelegate.mm; sourceTree = "<group>"; };
		99888E42133950E60043F5D6 /* en */ = {isa = PBXFileReference; lastKnownFileType = text.plist.strings; name = en; path = en.lproj/Localizable.strings; sourceTree = "<group>"; };
		9990B18612B14985006AA069 /* 164-glasses-2.png */ = {isa = PBXFileReference; lastKnownFileType = image.png; path = "164-glasses-2.png"; sourceTree = "<group>"; };
		9990B18712B14985006AA069 /* 164-glasses-2@2x.png */ = {isa = PBXFileReference; lastKnownFileType = image.png; path = "164-glasses-2@2x.png"; sourceTree = "<group>"; };
		99A1BCF1132EBB7200C915F4 /* ARController.xib */ = {isa = PBXFileReference; fileEncoding = 4; lastKnownFileType = file.xib; path = ARController.xib; sourceTree = "<group>"; };
		99B7BAE8121ADC2E00E497BB /* CoreLocation.framework */ = {isa = PBXFileReference; lastKnownFileType = wrapper.framework; name = CoreLocation.framework; path = System/Library/Frameworks/CoreLocation.framework; sourceTree = SDKROOT; };
		99BD015D1338A5740005986E /* PanicARLib.framework */ = {isa = PBXFileReference; lastKnownFileType = wrapper.framework; name = PanicARLib.framework; path = ../Framework/PanicARLib.framework; sourceTree = SOURCE_ROOT; };
		99CB255B1221C42D00776548 /* MobileCoreServices.framework */ = {isa = PBXFileReference; lastKnownFileType = wrapper.framework; name = MobileCoreServices.framework; path = System/Library/Frameworks/MobileCoreServices.framework; sourceTree = SDKROOT; };
		99D15BCE132EC0FC00EB33DE /* PanicAR Demo.app */ = {isa = PBXFileReference; explicitFileType = wrapper.application; includeInIndex = 0; path = "PanicAR Demo.app"; sourceTree = BUILT_PRODUCTS_DIR; };
		99D952C9132EB53F007365FB /* 59-info.png */ = {isa = PBXFileReference; lastKnownFileType = image.png; path = "59-info.png"; sourceTree = "<group>"; };
		99D952CA132EB53F007365FB /* 59-info@2x.png */ = {isa = PBXFileReference; lastKnownFileType = image.png; path = "59-info@2x.png"; sourceTree = "<group>"; };
		99E91F1311A030DE000D9125 /* PanicARDemo_Prefix.pch */ = {isa = PBXFileReference; fileEncoding = 4; lastKnownFileType = sourcecode.c.h; path = PanicARDemo_Prefix.pch; sourceTree = "<group>"; };
		99E91F1411A030DE000D9125 /* PanicARDemo-Info.plist */ = {isa = PBXFileReference; fileEncoding = 4; lastKnownFileType = text.plist.xml; path = "PanicARDemo-Info.plist"; sourceTree = "<group>"; };
		99F3D6A312536D93004C3D14 /* MainWindow.xib */ = {isa = PBXFileReference; lastKnownFileType = file.xib; path = MainWindow.xib; sourceTree = "<group>"; };
/* End PBXFileReference section */

/* Begin PBXFrameworksBuildPhase section */
		99B37E72132EB75000A0FA99 /* Frameworks */ = {
			isa = PBXFrameworksBuildPhase;
			buildActionMask = 2147483647;
			files = (
				99A1BCD1132EBA9700C915F4 /* MobileCoreServices.framework in Frameworks */,
				99B37E79132EB75000A0FA99 /* CoreGraphics.framework in Frameworks */,
				99A1BCD2132EBA9700C915F4 /* QuartzCore.framework in Frameworks */,
				99A1BCD3132EBA9700C915F4 /* OpenGLES.framework in Frameworks */,
				99B37E77132EB75000A0FA99 /* UIKit.framework in Frameworks */,
				99B37E78132EB75000A0FA99 /* Foundation.framework in Frameworks */,
				99A1BCD4132EBA9700C915F4 /* CoreLocation.framework in Frameworks */,
				99BD015E1338A5740005986E /* PanicARLib.framework in Frameworks */,
			);
			runOnlyForDeploymentPostprocessing = 0;
		};
/* End PBXFrameworksBuildPhase section */

/* Begin PBXGroup section */
		19C28FACFE9D520D11CA2CBB /* Products */ = {
			isa = PBXGroup;
			children = (
				99D15BCE132EC0FC00EB33DE /* PanicAR Demo.app */,
			);
			name = Products;
			sourceTree = "<group>";
		};
		29B97314FDCFA39411CA2CEA /* CustomTemplate */ = {
			isa = PBXGroup;
			children = (
				9908EBC5132FB697004217E3 /* ARAssets (Required) */,
				9990B16D12B1492F006AA069 /* UIAssets */,
				5943D86A116E547C00039BDB /* Application */,
				29B97323FDCFA39411CA2CEA /* Frameworks */,
				19C28FACFE9D520D11CA2CBB /* Products */,
			);
			name = CustomTemplate;
			sourceTree = "<group>";
		};
		29B97323FDCFA39411CA2CEA /* Frameworks */ = {
			isa = PBXGroup;
			children = (
				99BD015D1338A5740005986E /* PanicARLib.framework */,
				99CB255B1221C42D00776548 /* MobileCoreServices.framework */,
				5995EBC010556E7500615176 /* CoreGraphics.framework */,
				59E637A2104F5A4400B26E5C /* QuartzCore.framework */,
				59E6379D104F5A3200B26E5C /* OpenGLES.framework */,
				1DF5F4DF0D08C38300B7A737 /* UIKit.framework */,
				1D30AB110D05D00D00671497 /* Foundation.framework */,
				99B7BAE8121ADC2E00E497BB /* CoreLocation.framework */,
			);
			name = Frameworks;
			sourceTree = "<group>";
		};
		5943D86A116E547C00039BDB /* Application */ = {
			isa = PBXGroup;
			children = (
				99888E41133950E60043F5D6 /* Localizable.strings */,
				992A2B0F132EB2C700C1D5C1 /* Default.png */,
				99A1BCF1132EBB7200C915F4 /* ARController.xib */,
				992A2B10132EB2C700C1D5C1 /* Default@2x.png */,
				992A2B11132EB2C700C1D5C1 /* Icon.png */,
				992A2B12132EB2C700C1D5C1 /* Icon@2x.png */,
				993AE5341230E77C001134AF /* PanicARDemoAppDelegate.h */,
				993AE5351230E77C001134AF /* PanicARDemoAppDelegate.mm */,
				99E91F1311A030DE000D9125 /* PanicARDemo_Prefix.pch */,
				99E91F1411A030DE000D9125 /* PanicARDemo-Info.plist */,
				29B97316FDCFA39411CA2CEA /* main.m */,
				99F3D6A312536D93004C3D14 /* MainWindow.xib */,
			);
			name = Application;
			sourceTree = "<group>";
		};
		9908EBC5132FB697004217E3 /* ARAssets (Required) */ = {
			isa = PBXGroup;
			children = (
				9908EBC6132FB697004217E3 /* DefaultImage.png */,
				9908EBC7132FB697004217E3 /* DefaultMarker.png */,
				9908EBC8132FB697004217E3 /* DefaultMarker.xib */,
				9908EBC9132FB697004217E3 /* DefaultMarker_2x.png */,
				9908EBCA132FB697004217E3 /* DefaultMarker_2x.xib */,
				9908EBCB132FB697004217E3 /* DefaultMarker_mask.png */,
				9908EBCC132FB697004217E3 /* msh_box.obj */,
				9908EBCD132FB697004217E3 /* msh_plane.obj */,
				9908EBCE132FB697004217E3 /* RadarScreen.png */,
				9908EBCF132FB697004217E3 /* RadarScreen_Dot.png */,
			);
			name = "ARAssets (Required)";
			path = ../ARAssets/Required;
			sourceTree = SOURCE_ROOT;
		};
		9990B16D12B1492F006AA069 /* UIAssets */ = {
			isa = PBXGroup;
			children = (
				9990B18612B14985006AA069 /* 164-glasses-2.png */,
				9990B18712B14985006AA069 /* 164-glasses-2@2x.png */,
				99D952C9132EB53F007365FB /* 59-info.png */,
				99D952CA132EB53F007365FB /* 59-info@2x.png */,
			);
			path = UIAssets;
			sourceTree = "<group>";
		};
/* End PBXGroup section */

/* Begin PBXNativeTarget section */
		99B37E74132EB75000A0FA99 /* PanicARDemo */ = {
			isa = PBXNativeTarget;
			buildConfigurationList = 99B37E89132EB75000A0FA99 /* Build configuration list for PBXNativeTarget "PanicARDemo" */;
			buildPhases = (
				99B37E71132EB75000A0FA99 /* Sources */,
				99B37E72132EB75000A0FA99 /* Frameworks */,
				99B37E73132EB75000A0FA99 /* Resources */,
			);
			buildRules = (
			);
			dependencies = (
			);
			name = PanicARDemo;
			productName = PanicARDemo;
			productReference = 99D15BCE132EC0FC00EB33DE /* PanicAR Demo.app */;
			productType = "com.apple.product-type.application";
		};
/* End PBXNativeTarget section */

/* Begin PBXProject section */
		29B97313FDCFA39411CA2CEA /* Project object */ = {
			isa = PBXProject;
			buildConfigurationList = C01FCF4E08A954540054247B /* Build configuration list for PBXProject "PanicARDemo" */;
			compatibilityVersion = "Xcode 3.1";
			developmentRegion = English;
			hasScannedForEncodings = 1;
			knownRegions = (
				English,
				Japanese,
				French,
				German,
				en,
			);
			mainGroup = 29B97314FDCFA39411CA2CEA /* CustomTemplate */;
			projectDirPath = "";
			projectRoot = "";
			targets = (
				99B37E74132EB75000A0FA99 /* PanicARDemo */,
			);
		};
/* End PBXProject section */

/* Begin PBXResourcesBuildPhase section */
		99B37E73132EB75000A0FA99 /* Resources */ = {
			isa = PBXResourcesBuildPhase;
			buildActionMask = 2147483647;
			files = (
				99A1BCD9132EBB5200C915F4 /* 59-info@2x.png in Resources */,
				99A1BCD8132EBB5100C915F4 /* 59-info.png in Resources */,
				99A1BCD7132EBB4F00C915F4 /* 164-glasses-2@2x.png in Resources */,
				99A1BCD6132EBB4E00C915F4 /* 164-glasses-2.png in Resources */,
				99B37E8C132EB7D800A0FA99 /* Icon@2x.png in Resources */,
				99A1BCDB132EBB5C00C915F4 /* MainWindow.xib in Resources */,
				99B37E8D132EB7DA00A0FA99 /* Default.png in Resources */,
				99B37E8E132EB7DC00A0FA99 /* Default@2x.png in Resources */,
				99B37E8F132EB7DE00A0FA99 /* Icon.png in Resources */,
				99A1BCF2132EBB7200C915F4 /* ARController.xib in Resources */,
				9908EBD0132FB697004217E3 /* DefaultImage.png in Resources */,
				9908EBD1132FB697004217E3 /* DefaultMarker.png in Resources */,
				9908EBD2132FB697004217E3 /* DefaultMarker.xib in Resources */,
				9908EBD3132FB697004217E3 /* DefaultMarker_2x.png in Resources */,
				9908EBD4132FB697004217E3 /* DefaultMarker_2x.xib in Resources */,
				9908EBD5132FB697004217E3 /* DefaultMarker_mask.png in Resources */,
				9908EBD6132FB697004217E3 /* msh_box.obj in Resources */,
				9908EBD7132FB697004217E3 /* msh_plane.obj in Resources */,
				9908EBD8132FB697004217E3 /* RadarScreen.png in Resources */,
				9908EBD9132FB697004217E3 /* RadarScreen_Dot.png in Resources */,
				99888E43133950E60043F5D6 /* Localizable.strings in Resources */,
			);
			runOnlyForDeploymentPostprocessing = 0;
		};
/* End PBXResourcesBuildPhase section */

/* Begin PBXSourcesBuildPhase section */
		99B37E71132EB75000A0FA99 /* Sources */ = {
			isa = PBXSourcesBuildPhase;
			buildActionMask = 2147483647;
			files = (
				99A1BCF3132EBBC400C915F4 /* main.m in Sources */,
				99A1BCD5132EBAA200C915F4 /* PanicARDemoAppDelegate.mm in Sources */,
			);
			runOnlyForDeploymentPostprocessing = 0;
		};
/* End PBXSourcesBuildPhase section */

/* Begin PBXVariantGroup section */
		99888E41133950E60043F5D6 /* Localizable.strings */ = {
			isa = PBXVariantGroup;
			children = (
				99888E42133950E60043F5D6 /* en */,
			);
			name = Localizable.strings;
			sourceTree = "<group>";
		};
/* End PBXVariantGroup section */

/* Begin XCBuildConfiguration section */
		99B37E8A132EB75000A0FA99 /* Debug */ = {
			isa = XCBuildConfiguration;
			buildSettings = {
				"CODE_SIGN_IDENTITY[sdk=iphoneos*]" = "iPhone Developer";
				INFOPLIST_FILE = "PanicARDemo-Info.plist";
			};
			name = Debug;
		};
		99B37E8B132EB75000A0FA99 /* Release */ = {
			isa = XCBuildConfiguration;
			buildSettings = {
				"CODE_SIGN_IDENTITY[sdk=iphoneos*]" = "iPhone Developer";
				INFOPLIST_FILE = "PanicARDemo-Info.plist";
				OTHER_CFLAGS = "-DNS_BLOCK_ASSERTIONS=1";
				VALIDATE_PRODUCT = YES;
			};
			name = Release;
		};
		C01FCF4F08A954540054247B /* Debug */ = {
			isa = XCBuildConfiguration;
			buildSettings = {
				ALWAYS_SEARCH_USER_PATHS = NO;
				ARCHS = "$(ARCHS_STANDARD_32_BIT)";
				CODE_SIGN_IDENTITY = "iPhone Developer";
				FRAMEWORK_SEARCH_PATHS = "\"$(SRCROOT)/../Framework\"";
				GCC_C_LANGUAGE_STANDARD = c99;
				GCC_THUMB_SUPPORT = YES;
				GCC_WARN_ABOUT_RETURN_TYPE = YES;
				GCC_WARN_UNUSED_VARIABLE = YES;
				INFOPLIST_FILE = "PanicARDemo-Info.plist";
				IPHONEOS_DEPLOYMENT_TARGET = 3.1.3;
				ONLY_ACTIVE_ARCH = YES;
				OTHER_CFLAGS = "-DDEBUG";
				OTHER_LDFLAGS = "-ObjC";
				PREBINDING = NO;
				PRODUCT_NAME = "PanicAR Demo";
				PROVISIONING_PROFILE = "";
				SDKROOT = iphoneos;
				TARGETED_DEVICE_FAMILY = 1;
			};
			name = Debug;
		};
		C01FCF5008A954540054247B /* Release */ = {
			isa = XCBuildConfiguration;
			buildSettings = {
				ALWAYS_SEARCH_USER_PATHS = NO;
				ARCHS = "$(ARCHS_STANDARD_32_BIT)";
				CODE_SIGN_IDENTITY = "iPhone Developer";
				FRAMEWORK_SEARCH_PATHS = "\"$(SRCROOT)/../Framework\"";
				GCC_C_LANGUAGE_STANDARD = c99;
				GCC_THUMB_SUPPORT = YES;
				GCC_WARN_ABOUT_RETURN_TYPE = YES;
				GCC_WARN_UNUSED_VARIABLE = YES;
				INFOPLIST_FILE = "PanicARDemo-Info.plist";
				IPHONEOS_DEPLOYMENT_TARGET = 3.1.3;
				ONLY_ACTIVE_ARCH = YES;
				OTHER_LDFLAGS = "-ObjC";
				PREBINDING = NO;
				PRODUCT_NAME = "PanicAR Demo";
				PROVISIONING_PROFILE = "";
				SDKROOT = iphoneos;
				TARGETED_DEVICE_FAMILY = 1;
			};
			name = Release;
		};
/* End XCBuildConfiguration section */

/* Begin XCConfigurationList section */
		99B37E89132EB75000A0FA99 /* Build configuration list for PBXNativeTarget "PanicARDemo" */ = {
			isa = XCConfigurationList;
			buildConfigurations = (
				99B37E8A132EB75000A0FA99 /* Debug */,
				99B37E8B132EB75000A0FA99 /* Release */,
			);
			defaultConfigurationIsVisible = 0;
			defaultConfigurationName = Release;
		};
		C01FCF4E08A954540054247B /* Build configuration list for PBXProject "PanicARDemo" */ = {
			isa = XCConfigurationList;
			buildConfigurations = (
				C01FCF4F08A954540054247B /* Debug */,
				C01FCF5008A954540054247B /* Release */,
			);
			defaultConfigurationIsVisible = 0;
			defaultConfigurationName = Release;
		};
/* End XCConfigurationList section */
	};
	rootObject = 29B97313FDCFA39411CA2CEA /* Project object */;
}
